
Microsoft Visual Studio Solution File, Format Version 12.00
# Visual Studio Version 16
VisualStudioVersion = 16.0.31702.278
MinimumVisualStudioVersion = 10.0.40219.1
Project("{FAE04EC0-301F-11D3-BF4B-00C04F79EFBC}") = "LibMatr", "LibMatr\LibMatr.csproj", "{6BEFE9C5-C56F-45A1-9143-880C6FA8C28C}"
EndProject
Global
	GlobalSection(SolutionConfigurationPlatforms) = preSolution
		Debug|Any CPU = Debug|Any CPU
		Release|Any CPU = Release|Any CPU
	EndGlobalSection
	GlobalSection(ProjectConfigurationPlatforms) = postSolution
		{6BEFE9C5-C56F-45A1-9143-880C6FA8C28C}.Debug|Any CPU.ActiveCfg = Debug|Any CPU
		{6BEFE9C5-C56F-45A1-9143-880C6FA8C28C}.Debug|Any CPU.Build.0 = Debug|Any CPU
		{6BEFE9C5-C56F-45A1-9143-880C6FA8C28C}.Release|Any CPU.ActiveCfg = Release|Any CPU
		{6BEFE9C5-C56F-45A1-9143-880C6FA8C28C}.Release|Any CPU.Build.0 = Release|Any CPU
	EndGlobalSection
	GlobalSection(SolutionProperties) = preSolution
		HideSolutionNode = FALSE
	EndGlobalSection
	GlobalSection(ExtensibilityGlobals) = postSolution
		SolutionGuid = {4E5F1733-7059-431D-B3A7-0BFFA026E30C}
	EndGlobalSection
EndGlobal
